<?xml version="1.0" encoding="utf-8"?>
<Project ToolsVersion="4.0" xmlns="http://schemas.microsoft.com/developer/msbuild/2003">
  <ItemGroup>
    <ClCompile Include="..\Source\371A1.cpp" />
    <ClCompile Include="..\Source\AxesModel.cpp" />
    <ClCompile Include="..\Source\Camera.cpp" />
    <ClCompile Include="..\Source\ConeModel.cpp" />
    <ClCompile Include="..\Source\DigitalClockSegment.cpp" />
    <ClCompile Include="..\Source\GridModel.cpp" />
    <ClCompile Include="..\Source\LoadTexture.cpp" />
    <ClCompile Include="..\Source\Model.cpp" />
    <ClCompile Include="..\Source\WaterModel.cpp" />
    <ClCompile Include="..\Source\Shader.cpp" />
    <ClCompile Include="..\Source\SimpleModel.cpp" />
    <ClCompile Include="..\Source\Skybox.cpp" />
    <ClCompile Include="..\Source\SphereModel.cpp" />
    <ClCompile Include="..\Source\Terrain.cpp" />
    <ClCompile Include="..\Source\TreeModel.cpp" />
    <ClCompile Include="..\Source\UnitCubeModel.cpp" />
    <ClCompile Include="..\Source\WorldModel.cpp" />
    <ClCompile Include="..\ThirdParty\FastNoise.cpp" />
    <ClCompile Include="..\Source\CabinModel.cpp" />
  </ItemGroup>
  <ItemGroup>
    <ClInclude Include="..\Source\includes\AxesModel.hpp" />
    <ClInclude Include="..\Source\includes\Camera.hpp" />
    <ClInclude Include="..\Source\includes\DirectionalLight.hpp" />
    <ClInclude Include="..\Source\includes\ConeModel.hpp" />
    <ClInclude Include="..\Source\includes\DigitalClockSegment.h" />
    <ClInclude Include="..\Source\includes\GridModel.hpp" />
    <ClInclude Include="..\Source\includes\LoadTexture.hpp" />
    <ClInclude Include="..\Source\includes\Model.hpp" />
    <ClInclude Include="..\Source\includes\WaterModel.hpp" />
    <ClInclude Include="..\Source\includes\Shader.hpp" />
    <ClInclude Include="..\Source\includes\SimpleModel.hpp" />
    <ClInclude Include="..\Source\includes\Skybox.hpp" />
    <ClInclude Include="..\Source\includes\SphereModel.hpp" />
    <ClInclude Include="..\Source\includes\Terrain.hpp" />
    <ClInclude Include="..\Source\includes\TreeModel.hpp" />
    <ClInclude Include="..\Source\includes\UnitCubeModel.hpp" />
    <ClInclude Include="..\Source\includes\WorldModel.hpp" />
    <ClInclude Include="..\ThirdParty\FastNoise.h" />
    <ClInclude Include="..\ThirdParty\stb_image.h" />
    <ClInclude Include="..\Source\includes\CabinModel.hpp" />
  </ItemGroup>
  <ItemGroup>
    <Image Include="..\Assets\Textures\BillboardTest.bmp" />
    <Image Include="..\Assets\Textures\Particle.png" />
  </ItemGroup>
  <ItemGroup>
    <None Include="..\Assets\Scenes\AnimatedScene.scene" />
    <None Include="..\Assets\Scenes\AnimatedSceneWithParticles.scene" />
    <None Include="..\Assets\Scenes\CoordinateSystem.scene" />
    <None Include="..\Assets\Scenes\StaticScene.scene" />
    <None Include="..\Assets\Shaders\BlueColor.fragmentshader" />
    <None Include="..\Assets\Shaders\PathLines.fragmentshader" />
    <None Include="..\Assets\Shaders\PathLines.vertexshader" />
    <None Include="..\Assets\Shaders\SolidColor.fragmentshader" />
    <None Include="..\Assets\Shaders\SolidColor.vertexshader" />
    <None Include="..\Assets\Shaders\Texture.fragmentshader" />
    <None Include="..\Assets\Shaders\Texture.vertexshader" />
  </ItemGroup>
</Project>